
Microsoft Visual Studio Solution File, Format Version 12.00
# Visual Studio Version 16
VisualStudioVersion = 16.0.31702.278
MinimumVisualStudioVersion = 10.0.40219.1
Project("{FAE04EC0-301F-11D3-BF4B-00C04F79EFBC}") = "ProgettoCad", "ProgettoCad\ProgettoCad.csproj", "{427EA618-01DE-4531-BE4D-6DB03DF98C8E}"
EndProject
Global
	GlobalSection(SolutionConfigurationPlatforms) = preSolution
		Debug|Any CPU = Debug|Any CPU
		Release|Any CPU = Release|Any CPU
	EndGlobalSection
	GlobalSection(ProjectConfigurationPlatforms) = postSolution
		{427EA618-01DE-4531-BE4D-6DB03DF98C8E}.Debug|Any CPU.ActiveCfg = Debug|Any CPU
		{427EA618-01DE-4531-BE4D-6DB03DF98C8E}.Debug|Any CPU.Build.0 = Debug|Any CPU
		{427EA618-01DE-4531-BE4D-6DB03DF98C8E}.Release|Any CPU.ActiveCfg = Release|Any CPU
		{427EA618-01DE-4531-BE4D-6DB03DF98C8E}.Release|Any CPU.Build.0 = Release|Any CPU
	EndGlobalSection
	GlobalSection(SolutionProperties) = preSolution
		HideSolutionNode = FALSE
	EndGlobalSection
	GlobalSection(ExtensibilityGlobals) = postSolution
		SolutionGuid = {F4181B88-B62F-42DF-8BB4-E7D066EC5BF2}
	EndGlobalSection
EndGlobal
